
Microsoft Visual Studio Solution File, Format Version 12.00
# Visual Studio Version 17
VisualStudioVersion = 17.1.32228.430
MinimumVisualStudioVersion = 10.0.40219.1
Project("{FAE04EC0-301F-11D3-BF4B-00C04F79EFBC}") = "Hotel", "Hotel\Hotel.csproj", "{43DBDD1F-FB2D-4582-83F3-48B93262549C}"
EndProject
Global
	GlobalSection(SolutionConfigurationPlatforms) = preSolution
		Debug|Any CPU = Debug|Any CPU
		Release|Any CPU = Release|Any CPU
	EndGlobalSection
	GlobalSection(ProjectConfigurationPlatforms) = postSolution
		{43DBDD1F-FB2D-4582-83F3-48B93262549C}.Debug|Any CPU.ActiveCfg = Debug|Any CPU
		{43DBDD1F-FB2D-4582-83F3-48B93262549C}.Debug|Any CPU.Build.0 = Debug|Any CPU
		{43DBDD1F-FB2D-4582-83F3-48B93262549C}.Release|Any CPU.ActiveCfg = Release|Any CPU
		{43DBDD1F-FB2D-4582-83F3-48B93262549C}.Release|Any CPU.Build.0 = Release|Any CPU
	EndGlobalSection
	GlobalSection(SolutionProperties) = preSolution
		HideSolutionNode = FALSE
	EndGlobalSection
	GlobalSection(ExtensibilityGlobals) = postSolution
		SolutionGuid = {B5E51B57-0A06-49CC-B602-72DEDC24FF64}
	EndGlobalSection
EndGlobal
